
Microsoft Visual Studio Solution File, Format Version 12.00
# Visual Studio Version 17
VisualStudioVersion = 17.2.32526.322
MinimumVisualStudioVersion = 10.0.40219.1
Project("{FAE04EC0-301F-11D3-BF4B-00C04F79EFBC}") = "ConsoleApp", "ConsoleApp\ConsoleApp.csproj", "{6A70FF0D-61A6-4D52-A966-2E42F6A1DA1E}"
EndProject
Project("{FAE04EC0-301F-11D3-BF4B-00C04F79EFBC}") = "WebApp", "WebApp\WebApp.csproj", "{822F057B-31A0-4572-93D4-5FED21A0C60E}"
EndProject
Project("{FAE04EC0-301F-11D3-BF4B-00C04F79EFBC}") = "WebApi", "WebApi\WebApi.csproj", "{C5D13F2E-ED6F-475F-B386-68E4B80E8337}"
EndProject
Project("{FAE04EC0-301F-11D3-BF4B-00C04F79EFBC}") = "WebMinimalApi", "WebMinimalApi\WebMinimalApi.csproj", "{AE1FE466-77D1-428F-A323-54733B529007}"
EndProject
Project("{FAE04EC0-301F-11D3-BF4B-00C04F79EFBC}") = "MVC", "MVC\MVC.csproj", "{D6BF983A-F81F-4D9A-A124-95A8A0FCECB6}"
EndProject
Global
	GlobalSection(SolutionConfigurationPlatforms) = preSolution
		Debug|Any CPU = Debug|Any CPU
		Release|Any CPU = Release|Any CPU
	EndGlobalSection
	GlobalSection(ProjectConfigurationPlatforms) = postSolution
		{6A70FF0D-61A6-4D52-A966-2E42F6A1DA1E}.Debug|Any CPU.ActiveCfg = Debug|Any CPU
		{6A70FF0D-61A6-4D52-A966-2E42F6A1DA1E}.Debug|Any CPU.Build.0 = Debug|Any CPU
		{6A70FF0D-61A6-4D52-A966-2E42F6A1DA1E}.Release|Any CPU.ActiveCfg = Release|Any CPU
		{6A70FF0D-61A6-4D52-A966-2E42F6A1DA1E}.Release|Any CPU.Build.0 = Release|Any CPU
		{822F057B-31A0-4572-93D4-5FED21A0C60E}.Debug|Any CPU.ActiveCfg = Debug|Any CPU
		{822F057B-31A0-4572-93D4-5FED21A0C60E}.Debug|Any CPU.Build.0 = Debug|Any CPU
		{822F057B-31A0-4572-93D4-5FED21A0C60E}.Release|Any CPU.ActiveCfg = Release|Any CPU
		{822F057B-31A0-4572-93D4-5FED21A0C60E}.Release|Any CPU.Build.0 = Release|Any CPU
		{C5D13F2E-ED6F-475F-B386-68E4B80E8337}.Debug|Any CPU.ActiveCfg = Debug|Any CPU
		{C5D13F2E-ED6F-475F-B386-68E4B80E8337}.Debug|Any CPU.Build.0 = Debug|Any CPU
		{C5D13F2E-ED6F-475F-B386-68E4B80E8337}.Release|Any CPU.ActiveCfg = Release|Any CPU
		{C5D13F2E-ED6F-475F-B386-68E4B80E8337}.Release|Any CPU.Build.0 = Release|Any CPU
		{AE1FE466-77D1-428F-A323-54733B529007}.Debug|Any CPU.ActiveCfg = Debug|Any CPU
		{AE1FE466-77D1-428F-A323-54733B529007}.Debug|Any CPU.Build.0 = Debug|Any CPU
		{AE1FE466-77D1-428F-A323-54733B529007}.Release|Any CPU.ActiveCfg = Release|Any CPU
		{AE1FE466-77D1-428F-A323-54733B529007}.Release|Any CPU.Build.0 = Release|Any CPU
		{D6BF983A-F81F-4D9A-A124-95A8A0FCECB6}.Debug|Any CPU.ActiveCfg = Debug|Any CPU
		{D6BF983A-F81F-4D9A-A124-95A8A0FCECB6}.Debug|Any CPU.Build.0 = Debug|Any CPU
		{D6BF983A-F81F-4D9A-A124-95A8A0FCECB6}.Release|Any CPU.ActiveCfg = Release|Any CPU
		{D6BF983A-F81F-4D9A-A124-95A8A0FCECB6}.Release|Any CPU.Build.0 = Release|Any CPU
	EndGlobalSection
	GlobalSection(SolutionProperties) = preSolution
		HideSolutionNode = FALSE
	EndGlobalSection
	GlobalSection(ExtensibilityGlobals) = postSolution
		SolutionGuid = {415A5EE8-B82F-43C4-B5AC-9E2027C41CA4}
	EndGlobalSection
EndGlobal
